
Microsoft Visual Studio Solution File, Format Version 12.00
# Visual Studio 15
Project("{FAE04EC0-301F-11D3-BF4B-00C04F79EFBC}") = "Assembly-CSharp", "Assembly-CSharp.csproj", "{63213C27-1324-C7E9-1231-1DA5F8D32142}"
EndProject
Project("{FAE04EC0-301F-11D3-BF4B-00C04F79EFBC}") = "Assembly-CSharp-Editor", "Assembly-CSharp-Editor.csproj", "{0A1696BB-0CFF-F2B4-D707-FC9D49901B71}"
EndProject
Global
	GlobalSection(SolutionConfigurationPlatforms) = preSolution
		Debug|Any CPU = Debug|Any CPU
		Release|Any CPU = Release|Any CPU
	EndGlobalSection
	GlobalSection(ProjectConfigurationPlatforms) = postSolution
		{63213C27-1324-C7E9-1231-1DA5F8D32142}.Debug|Any CPU.ActiveCfg = Debug|Any CPU
		{63213C27-1324-C7E9-1231-1DA5F8D32142}.Debug|Any CPU.Build.0 = Debug|Any CPU
		{63213C27-1324-C7E9-1231-1DA5F8D32142}.Release|Any CPU.ActiveCfg = Release|Any CPU
		{63213C27-1324-C7E9-1231-1DA5F8D32142}.Release|Any CPU.Build.0 = Release|Any CPU
		{0A1696BB-0CFF-F2B4-D707-FC9D49901B71}.Debug|Any CPU.ActiveCfg = Debug|Any CPU
		{0A1696BB-0CFF-F2B4-D707-FC9D49901B71}.Debug|Any CPU.Build.0 = Debug|Any CPU
		{0A1696BB-0CFF-F2B4-D707-FC9D49901B71}.Release|Any CPU.ActiveCfg = Release|Any CPU
		{0A1696BB-0CFF-F2B4-D707-FC9D49901B71}.Release|Any CPU.Build.0 = Release|Any CPU
	EndGlobalSection
	GlobalSection(SolutionProperties) = preSolution
		HideSolutionNode = FALSE
	EndGlobalSection
EndGlobal
